
Microsoft Visual Studio Solution File, Format Version 12.00
# Visual Studio 15
VisualStudioVersion = 15.0.28307.645
MinimumVisualStudioVersion = 10.0.40219.1
Project("{FAE04EC0-301F-11D3-BF4B-00C04F79EFBC}") = "WpfApp1_walidacja", "WpfApp1_walidacja\WpfApp1_walidacja.csproj", "{C20B6248-5FEE-4B08-A282-7B6448C9864D}"
EndProject
Global
	GlobalSection(SolutionConfigurationPlatforms) = preSolution
		Debug|Any CPU = Debug|Any CPU
		Release|Any CPU = Release|Any CPU
	EndGlobalSection
	GlobalSection(ProjectConfigurationPlatforms) = postSolution
		{C20B6248-5FEE-4B08-A282-7B6448C9864D}.Debug|Any CPU.ActiveCfg = Debug|Any CPU
		{C20B6248-5FEE-4B08-A282-7B6448C9864D}.Debug|Any CPU.Build.0 = Debug|Any CPU
		{C20B6248-5FEE-4B08-A282-7B6448C9864D}.Release|Any CPU.ActiveCfg = Release|Any CPU
		{C20B6248-5FEE-4B08-A282-7B6448C9864D}.Release|Any CPU.Build.0 = Release|Any CPU
	EndGlobalSection
	GlobalSection(SolutionProperties) = preSolution
		HideSolutionNode = FALSE
	EndGlobalSection
	GlobalSection(ExtensibilityGlobals) = postSolution
		SolutionGuid = {864D5E2B-7D6D-4E8C-BCDC-D3B2F2C2AC8C}
	EndGlobalSection
EndGlobal
